
Microsoft Visual Studio Solution File, Format Version 12.00
# Visual Studio Version 17
VisualStudioVersion = 17.3.32901.215
MinimumVisualStudioVersion = 10.0.40219.1
Project("{FAE04EC0-301F-11D3-BF4B-00C04F79EFBC}") = "HelloWorld", "HelloWorld\HelloWorld.csproj", "{F4006012-B9E0-43D1-B60F-EFF9F885DBAB}"
EndProject
Global
	GlobalSection(SolutionConfigurationPlatforms) = preSolution
		Debug|Any CPU = Debug|Any CPU
		Release|Any CPU = Release|Any CPU
	EndGlobalSection
	GlobalSection(ProjectConfigurationPlatforms) = postSolution
		{F4006012-B9E0-43D1-B60F-EFF9F885DBAB}.Debug|Any CPU.ActiveCfg = Debug|Any CPU
		{F4006012-B9E0-43D1-B60F-EFF9F885DBAB}.Debug|Any CPU.Build.0 = Debug|Any CPU
		{F4006012-B9E0-43D1-B60F-EFF9F885DBAB}.Release|Any CPU.ActiveCfg = Release|Any CPU
		{F4006012-B9E0-43D1-B60F-EFF9F885DBAB}.Release|Any CPU.Build.0 = Release|Any CPU
	EndGlobalSection
	GlobalSection(SolutionProperties) = preSolution
		HideSolutionNode = FALSE
	EndGlobalSection
	GlobalSection(ExtensibilityGlobals) = postSolution
		SolutionGuid = {723E35E3-2BB2-41DB-AAF8-D48458A03714}
	EndGlobalSection
EndGlobal
